<?xml version="1.0" encoding="utf-8"?>
<Project ToolsVersion="4.0" xmlns="http://schemas.microsoft.com/developer/msbuild/2003">
  <ItemGroup>
    <Filter Include="Source Files">
      <UniqueIdentifier>{4FC737F1-C7A5-4376-A066-2A32D752A2FF}</UniqueIdentifier>
      <Extensions>cpp;c;cc;cxx;def;odl;idl;hpj;bat;asm;asmx</Extensions>
    </Filter>
    <Filter Include="Header Files">
      <UniqueIdentifier>{93995380-89BD-4b04-88EB-625FBE52EBFB}</UniqueIdentifier>
      <Extensions>h;hh;hpp;hxx;hm;inl;inc;xsd</Extensions>
    </Filter>
    <Filter Include="Resource Files">
      <UniqueIdentifier>{67DA6AB6-F800-4c08-8B7A-83BB121AAD01}</UniqueIdentifier>
      <Extensions>rc;ico;cur;bmp;dlg;rc2;rct;bin;rgs;gif;jpg;jpeg;jpe;resx;tiff;tif;png;wav;mfcribbon-ms</Extensions>
    </Filter>
    <Filter Include="Managers">
      <UniqueIdentifier>{fb98255a-8e43-4f59-a265-f1c7d5688e07}</UniqueIdentifier>
    </Filter>
    <Filter Include="MeshElements">
      <UniqueIdentifier>{4915d7e7-b970-45b2-a2d0-518a9634817f}</UniqueIdentifier>
    </Filter>
    <Filter Include="Core">
      <UniqueIdentifier>{78190ffb-fd29-4d2d-88e8-d0ebaf76c3c7}</UniqueIdentifier>
    </Filter>
    <Filter Include="Core\Init">
      <UniqueIdentifier>{c5ddafff-e18a-4438-8dbb-074400c4a67e}</UniqueIdentifier>
    </Filter>
  </ItemGroup>
  <ItemGroup>
    <ClCompile Include="main.cpp">
      <Filter>Source Files</Filter>
    </ClCompile>
    <ClCompile Include="Core\Init\Init_GLEW.cpp">
      <Filter>Core\Init</Filter>
    </ClCompile>
    <ClCompile Include="Core\Init\Init_GLUT.cpp">
      <Filter>Core\Init</Filter>
    </ClCompile>
    <ClCompile Include="Managers\Scene_Manager.cpp">
      <Filter>Managers</Filter>
    </ClCompile>
    <ClCompile Include="Managers\Shader_Manager.cpp">
      <Filter>Managers</Filter>
    </ClCompile>
    <ClCompile Include="PhysicsStuff\edge.cpp">
      <Filter>MeshElements</Filter>
    </ClCompile>
    <ClCompile Include="PhysicsStuff\mesh.cpp">
      <Filter>MeshElements</Filter>
    </ClCompile>
    <ClCompile Include="PhysicsStuff\particle.cpp">
      <Filter>MeshElements</Filter>
    </ClCompile>
    <ClCompile Include="PhysicsStuff\physObj.cpp">
      <Filter>MeshElements</Filter>
    </ClCompile>
    <ClCompile Include="PhysicsStuff\vertex.cpp">
      <Filter>MeshElements</Filter>
    </ClCompile>
    <ClCompile Include="Rendering\Models\Model.cpp">
      <Filter>Source Files</Filter>
    </ClCompile>
    <ClCompile Include="Rendering\Models\Triangle.cpp">
      <Filter>Source Files</Filter>
    </ClCompile>
    <ClCompile Include="Managers\Model_Manager.cpp">
      <Filter>Source Files</Filter>
    </ClCompile>
    <ClCompile Include="PhysicsStuff\trianglePhys.cpp">
      <Filter>MeshElements</Filter>
    </ClCompile>
    <ClCompile Include="Rendering\Models\Quad.cpp">
      <Filter>Source Files</Filter>
    </ClCompile>
  </ItemGroup>
  <ItemGroup>
    <ClInclude Include="Core\Init\Init_GLEW.h">
      <Filter>Core\Init</Filter>
    </ClInclude>
    <ClInclude Include="Core\Init\Init_GLUT.h">
      <Filter>Core\Init</Filter>
    </ClInclude>
    <ClInclude Include="Core\IListener.h">
      <Filter>Core</Filter>
    </ClInclude>
    <ClInclude Include="Core\FrameBufferInfo.h">
      <Filter>Core</Filter>
    </ClInclude>
    <ClInclude Include="Core\WindowInfo.h">
      <Filter>Core</Filter>
    </ClInclude>
    <ClInclude Include="Core\ContextInfo.h">
      <Filter>Core</Filter>
    </ClInclude>
    <ClInclude Include="Managers\Scene_Manager.h">
      <Filter>Managers</Filter>
    </ClInclude>
    <ClInclude Include="Managers\Shader_Manager.h">
      <Filter>Managers</Filter>
    </ClInclude>
    <ClInclude Include="PhysicsStuff\vertex.h">
      <Filter>MeshElements</Filter>
    </ClInclude>
    <ClInclude Include="PhysicsStuff\edge.h">
      <Filter>MeshElements</Filter>
    </ClInclude>
    <ClInclude Include="PhysicsStuff\mesh.h">
      <Filter>MeshElements</Filter>
    </ClInclude>
    <ClInclude Include="PhysicsStuff\particle.h">
      <Filter>MeshElements</Filter>
    </ClInclude>
    <ClInclude Include="PhysicsStuff\physObj.h">
      <Filter>MeshElements</Filter>
    </ClInclude>
    <ClInclude Include="Rendering\VertexFormat.h">
      <Filter>Header Files</Filter>
    </ClInclude>
    <ClInclude Include="Rendering\IGameObject.h">
      <Filter>Header Files</Filter>
    </ClInclude>
    <ClInclude Include="Rendering\Models\Model.h">
      <Filter>Header Files</Filter>
    </ClInclude>
    <ClInclude Include="Rendering\Models\Triangle.h">
      <Filter>Header Files</Filter>
    </ClInclude>
    <ClInclude Include="Managers\Model_Manager.h">
      <Filter>Header Files</Filter>
    </ClInclude>
    <ClInclude Include="PhysicsStuff\trianglePhys.h">
      <Filter>MeshElements</Filter>
    </ClInclude>
    <ClInclude Include="Rendering\Models\Quad.h">
      <Filter>Header Files</Filter>
    </ClInclude>
    <ClInclude Include="Core\DebugOutput.h">
      <Filter>Header Files</Filter>
    </ClInclude>
  </ItemGroup>
  <ItemGroup>
    <None Include="Shaders\Vertex_Shader.glsl" />
    <None Include="Shaders\Fragment_Shader.glsl" />
    <None Include="packages.config" />
  </ItemGroup>
</Project>