<?xml version="1.0" encoding="utf-8"?>
<Project ToolsVersion="4.0" xmlns="http://schemas.microsoft.com/developer/msbuild/2003">
  <ItemGroup>
    <Filter Include="Source Files">
      <UniqueIdentifier>{4FC737F1-C7A5-4376-A066-2A32D752A2FF}</UniqueIdentifier>
      <Extensions>cpp;c;cc;cxx;def;odl;idl;hpj;bat;asm;asmx</Extensions>
    </Filter>
    <Filter Include="Header Files">
      <UniqueIdentifier>{93995380-89BD-4b04-88EB-625FBE52EBFB}</UniqueIdentifier>
      <Extensions>h;hh;hpp;hxx;hm;inl;inc;xsd</Extensions>
    </Filter>
    <Filter Include="Resource Files">
      <UniqueIdentifier>{67DA6AB6-F800-4c08-8B7A-83BB121AAD01}</UniqueIdentifier>
      <Extensions>rc;ico;cur;bmp;dlg;rc2;rct;bin;rgs;gif;jpg;jpeg;jpe;resx;tiff;tif;png;wav;mfcribbon-ms</Extensions>
    </Filter>
    <Filter Include="Managers">
      <UniqueIdentifier>{fb98255a-8e43-4f59-a265-f1c7d5688e07}</UniqueIdentifier>
    </Filter>
    <Filter Include="MeshElements">
      <UniqueIdentifier>{4915d7e7-b970-45b2-a2d0-518a9634817f}</UniqueIdentifier>
    </Filter>
    <Filter Include="Core">
      <UniqueIdentifier>{78190ffb-fd29-4d2d-88e8-d0ebaf76c3c7}</UniqueIdentifier>
    </Filter>
    <Filter Include="Core\Init">
      <UniqueIdentifier>{c5ddafff-e18a-4438-8dbb-074400c4a67e}</UniqueIdentifier>
    </Filter>
  </ItemGroup>
  <ItemGroup>
    <ClCompile Include="main.cpp">
      <Filter>Source Files</Filter>
    </ClCompile>
    <ClCompile Include="Core\Init\Init_GLEW.cpp">
      <Filter>Core\Init</Filter>
    </ClCompile>
    <ClCompile Include="Core\Init\Init_GLUT.cpp">
      <Filter>Core\Init</Filter>
    </ClCompile>
    <ClCompile Include="Managers\Scene_Manager.cpp">
      <Filter>Managers</Filter>
    </ClCompile>
    <ClCompile Include="Managers\Shader_Manager.cpp">
      <Filter>Managers</Filter>
    </ClCompile>
    <ClCompile Include="Managers\Model_Manager.cpp">
      <Filter>Source Files</Filter>
    </ClCompile>
    <ClCompile Include="Rendering\ForwardRenderer.cpp">
      <Filter>Source Files</Filter>
    </ClCompile>
    <ClCompile Include="Rendering\Texture.cpp">
      <Filter>Source Files</Filter>
    </ClCompile>
    <ClCompile Include="Managers\Texture_Manager.cpp">
      <Filter>Source Files</Filter>
    </ClCompile>
    <ClCompile Include="Core\DebugOutput.cpp">
      <Filter>Source Files</Filter>
    </ClCompile>
    <ClCompile Include="Managers\Material_Manager.cpp">
      <Filter>Source Files</Filter>
    </ClCompile>
    <ClCompile Include="Managers\Input_Manager.cpp">
      <Filter>Source Files</Filter>
    </ClCompile>
    <ClCompile Include="Rendering\GameObjects\Lights\Light.cpp">
      <Filter>Source Files</Filter>
    </ClCompile>
    <ClCompile Include="Rendering\GameObjects\Cameras\PerspectiveCamera.cpp">
      <Filter>Source Files</Filter>
    </ClCompile>
    <ClCompile Include="Rendering\GameObjects\Models\Fragment.cpp">
      <Filter>Source Files</Filter>
    </ClCompile>
    <ClCompile Include="Rendering\GameObjects\Models\Model.cpp">
      <Filter>Source Files</Filter>
    </ClCompile>
    <ClCompile Include="Rendering\GameObjects\HeadNode.cpp">
      <Filter>Source Files</Filter>
    </ClCompile>
    <ClCompile Include="Managers\Physics_Manager.cpp">
      <Filter>Source Files</Filter>
    </ClCompile>
    <ClCompile Include="Rendering\GameObjects\Models\ModelClone.cpp">
      <Filter>Source Files</Filter>
    </ClCompile>
    <ClCompile Include="Physics\Constraints\StretchingConstraint.cpp">
      <Filter>Source Files</Filter>
    </ClCompile>
    <ClCompile Include="Physics\Constraints\FaceBendingConstraint.cpp">
      <Filter>Source Files</Filter>
    </ClCompile>
    <ClCompile Include="Physics\Particles\Particle.cpp">
      <Filter>Source Files</Filter>
    </ClCompile>
    <ClCompile Include="Physics\PhysicsObjects\Solids\Cloth.cpp">
      <Filter>Source Files</Filter>
    </ClCompile>
    <ClCompile Include="Physics\PhysicsObjects\Solids\Triangle.cpp">
      <Filter>Source Files</Filter>
    </ClCompile>
    <ClCompile Include="Physics\Forces\ConstantForce.cpp">
      <Filter>Source Files</Filter>
    </ClCompile>
    <ClCompile Include="Physics\PhysicsObjects\PhysicsObject.cpp">
      <Filter>Source Files</Filter>
    </ClCompile>
    <ClCompile Include="Physics\AABB.cpp">
      <Filter>Source Files</Filter>
    </ClCompile>
    <ClCompile Include="Physics\Constraints\DensityConstraint.cpp">
      <Filter>Source Files</Filter>
    </ClCompile>
    <ClCompile Include="Physics\PhysicsObjects\Fluids\FluidHelper.cpp">
      <Filter>Source Files</Filter>
    </ClCompile>
    <ClCompile Include="Physics\PhysicsObjects\Fluids\Fluid.cpp">
      <Filter>Source Files</Filter>
    </ClCompile>
    <ClCompile Include="Managers\UI_Manager.cpp">
      <Filter>Source Files</Filter>
    </ClCompile>
    <ClCompile Include="Rendering\GlyphTexture.cpp">
      <Filter>Source Files</Filter>
    </ClCompile>
    <ClCompile Include="Rendering\GameObjects\GameObject.cpp">
      <Filter>Source Files</Filter>
    </ClCompile>
    <ClCompile Include="Physics\Forces\BoundingForce.cpp">
      <Filter>Source Files</Filter>
    </ClCompile>
  </ItemGroup>
  <ItemGroup>
    <ClInclude Include="Core\Init\Init_GLEW.h">
      <Filter>Core\Init</Filter>
    </ClInclude>
    <ClInclude Include="Core\Init\Init_GLUT.h">
      <Filter>Core\Init</Filter>
    </ClInclude>
    <ClInclude Include="Core\FrameBufferInfo.h">
      <Filter>Core</Filter>
    </ClInclude>
    <ClInclude Include="Core\WindowInfo.h">
      <Filter>Core</Filter>
    </ClInclude>
    <ClInclude Include="Core\ContextInfo.h">
      <Filter>Core</Filter>
    </ClInclude>
    <ClInclude Include="Managers\Scene_Manager.h">
      <Filter>Managers</Filter>
    </ClInclude>
    <ClInclude Include="Managers\Shader_Manager.h">
      <Filter>Managers</Filter>
    </ClInclude>
    <ClInclude Include="Rendering\VertexFormat.h">
      <Filter>Header Files</Filter>
    </ClInclude>
    <ClInclude Include="Managers\Model_Manager.h">
      <Filter>Header Files</Filter>
    </ClInclude>
    <ClInclude Include="Core\DebugOutput.h">
      <Filter>Header Files</Filter>
    </ClInclude>
    <ClInclude Include="Rendering\IRenderer.h">
      <Filter>Header Files</Filter>
    </ClInclude>
    <ClInclude Include="Rendering\ForwardRenderer.h">
      <Filter>Header Files</Filter>
    </ClInclude>
    <ClInclude Include="Rendering\Texture.h">
      <Filter>Header Files</Filter>
    </ClInclude>
    <ClInclude Include="Managers\Texture_Manager.h">
      <Filter>Header Files</Filter>
    </ClInclude>
    <ClInclude Include="Rendering\Materials\BlinnPhongMaterial.h">
      <Filter>Header Files</Filter>
    </ClInclude>
    <ClInclude Include="Rendering\Materials\IMaterial.h">
      <Filter>Header Files</Filter>
    </ClInclude>
    <ClInclude Include="Rendering\Materials\LambertianMaterial.h">
      <Filter>Header Files</Filter>
    </ClInclude>
    <ClInclude Include="Rendering\Materials\MaterialsHeader.h">
      <Filter>Header Files</Filter>
    </ClInclude>
    <ClInclude Include="Rendering\Materials\SingleColorMaterial.h">
      <Filter>Header Files</Filter>
    </ClInclude>
    <ClInclude Include="Managers\Material_Manager.h">
      <Filter>Header Files</Filter>
    </ClInclude>
    <ClInclude Include="Managers\Input_Manager.h">
      <Filter>Header Files</Filter>
    </ClInclude>
    <ClInclude Include="Rendering\GameObjects\Lights\Light.h">
      <Filter>Header Files</Filter>
    </ClInclude>
    <ClInclude Include="Rendering\GameObjects\Cameras\Camera.h">
      <Filter>Header Files</Filter>
    </ClInclude>
    <ClInclude Include="Rendering\GameObjects\Cameras\PerspectiveCamera.h">
      <Filter>Header Files</Filter>
    </ClInclude>
    <ClInclude Include="Rendering\GameObjects\Models\Fragment.h">
      <Filter>Header Files</Filter>
    </ClInclude>
    <ClInclude Include="Rendering\GameObjects\Models\Model.h">
      <Filter>Header Files</Filter>
    </ClInclude>
    <ClInclude Include="Rendering\GameObjects\HeadNode.h">
      <Filter>Header Files</Filter>
    </ClInclude>
    <ClInclude Include="Managers\Physics_Manager.h">
      <Filter>Header Files</Filter>
    </ClInclude>
    <ClInclude Include="Core\ISceneListener.h">
      <Filter>Core</Filter>
    </ClInclude>
    <ClInclude Include="Rendering\GameObjects\Models\ModelClone.h">
      <Filter>Header Files</Filter>
    </ClInclude>
    <ClInclude Include="Physics\IConstraintGroup.h">
      <Filter>Header Files</Filter>
    </ClInclude>
    <ClInclude Include="Physics\Constraints\Constraint.h">
      <Filter>Header Files</Filter>
    </ClInclude>
    <ClInclude Include="Physics\Constraints\StretchingConstraint.h">
      <Filter>Header Files</Filter>
    </ClInclude>
    <ClInclude Include="Physics\Constraints\FaceBendingConstraint.h">
      <Filter>Header Files</Filter>
    </ClInclude>
    <ClInclude Include="Physics\Particles\Particle.h">
      <Filter>Header Files</Filter>
    </ClInclude>
    <ClInclude Include="Physics\PhysicsObjects\PhysicsObject.h">
      <Filter>Header Files</Filter>
    </ClInclude>
    <ClInclude Include="Physics\PhysicsObjects\Solids\Cloth.h">
      <Filter>Header Files</Filter>
    </ClInclude>
    <ClInclude Include="Physics\PhysicsObjects\Solids\Triangle.h">
      <Filter>Header Files</Filter>
    </ClInclude>
    <ClInclude Include="Physics\Forces\Force.h">
      <Filter>Header Files</Filter>
    </ClInclude>
    <ClInclude Include="Physics\Forces\ConstantForce.h">
      <Filter>Header Files</Filter>
    </ClInclude>
    <ClInclude Include="Physics\AABB.h">
      <Filter>Header Files</Filter>
    </ClInclude>
    <ClInclude Include="Physics\Collision.h">
      <Filter>Header Files</Filter>
    </ClInclude>
    <ClInclude Include="Physics\Constraints\DensityConstraint.h">
      <Filter>Header Files</Filter>
    </ClInclude>
    <ClInclude Include="Physics\PhysicsObjects\Fluids\Fluid.h">
      <Filter>Header Files</Filter>
    </ClInclude>
    <ClInclude Include="Physics\PhysicsObjects\Fluids\FluidHelper.h">
      <Filter>Header Files</Filter>
    </ClInclude>
    <ClInclude Include="Rendering\Materials\SphereFluidMaterial.h">
      <Filter>Header Files</Filter>
    </ClInclude>
    <ClInclude Include="Shaders\offset.vert">
      <Filter>Header Files</Filter>
    </ClInclude>
    <ClInclude Include="Physics\Recycle Bin\Boundary.h">
      <Filter>Header Files</Filter>
    </ClInclude>
    <ClInclude Include="Managers\UI_Manager.h">
      <Filter>Header Files</Filter>
    </ClInclude>
    <ClInclude Include="Rendering\GlyphTexture.h">
      <Filter>Header Files</Filter>
    </ClInclude>
    <ClInclude Include="Rendering\Materials\ScreenQuadMaterial.h">
      <Filter>Header Files</Filter>
    </ClInclude>
    <ClInclude Include="Core\IDebuggable.h">
      <Filter>Header Files</Filter>
    </ClInclude>
    <ClInclude Include="Rendering\GameObjects\GameObject.h">
      <Filter>Header Files</Filter>
    </ClInclude>
    <ClInclude Include="Physics\Forces\BoundingForce.h">
      <Filter>Header Files</Filter>
    </ClInclude>
  </ItemGroup>
  <ItemGroup>
    <None Include="packages.config" />
    <None Include="Shaders\single_color.frag" />
    <None Include="Shaders\lambertian.frag" />
    <None Include="Shaders\standard.vert" />
    <None Include="Shaders\screen_quad.frag" />
    <None Include="Shaders\screen_quad.vert" />
  </ItemGroup>
</Project>